
Microsoft Visual Studio Solution File, Format Version 12.00
# Visual Studio Version 17
VisualStudioVersion = 17.14.36301.6
MinimumVisualStudioVersion = 10.0.40219.1
Project("{FAE04EC0-301F-11D3-BF4B-00C04F79EFBC}") = "CarWorkshopAPI", "CarWorkshopAPI\CarWorkshopAPI.csproj", "{C16C91EE-F1C5-48A4-BDB3-87920CA5D609}"
EndProject
Global
	GlobalSection(SolutionConfigurationPlatforms) = preSolution
		Debug|Any CPU = Debug|Any CPU
		Release|Any CPU = Release|Any CPU
	EndGlobalSection
	GlobalSection(ProjectConfigurationPlatforms) = postSolution
		{C16C91EE-F1C5-48A4-BDB3-87920CA5D609}.Debug|Any CPU.ActiveCfg = Debug|Any CPU
		{C16C91EE-F1C5-48A4-BDB3-87920CA5D609}.Debug|Any CPU.Build.0 = Debug|Any CPU
		{C16C91EE-F1C5-48A4-BDB3-87920CA5D609}.Release|Any CPU.ActiveCfg = Release|Any CPU
		{C16C91EE-F1C5-48A4-BDB3-87920CA5D609}.Release|Any CPU.Build.0 = Release|Any CPU
	EndGlobalSection
	GlobalSection(SolutionProperties) = preSolution
		HideSolutionNode = FALSE
	EndGlobalSection
	GlobalSection(ExtensibilityGlobals) = postSolution
		SolutionGuid = {809209F8-2480-4E42-8660-AA0EB1C026A6}
	EndGlobalSection
EndGlobal
